{
  "requires": true,
  "lockfileVersion": 1,
  "dependencies": {
    "@types/frida-gum": {
      "version": "16.1.0",
      "resolved": "https://registry.npmjs.org/@types/frida-gum/-/frida-gum-16.1.0.tgz",
      "integrity": "sha512-45TiAnHr2eWsNjcsNaiyDKFEp+BAE7kY76Y9FamjsKafxgihYf0Wmq145n2IjM0b9Z5szHn4dQPZz/o3gDzu5w=="
    }
  }
}
